
Microsoft Visual Studio Solution File, Format Version 12.00
# Visual Studio Version 16
VisualStudioVersion = 16.0.28803.156
MinimumVisualStudioVersion = 10.0.40219.1
Project("{FAE04EC0-301F-11D3-BF4B-00C04F79EFBC}") = "TravelRecords.Android", "TravelRecords\TravelRecords.Android\TravelRecords.Android.csproj", "{B062D622-DAC7-486D-91C1-48A27851B82A}"
EndProject
Project("{FAE04EC0-301F-11D3-BF4B-00C04F79EFBC}") = "TravelRecords.iOS", "TravelRecords\TravelRecords.iOS\TravelRecords.iOS.csproj", "{169827A9-7139-416B-907E-0973D48E2DA6}"
EndProject
Project("{FAE04EC0-301F-11D3-BF4B-00C04F79EFBC}") = "TravelRecords", "TravelRecords\TravelRecords\TravelRecords.csproj", "{A30D44C6-3CEA-4DB3-93A3-3261F2011836}"
EndProject
Global
	GlobalSection(SolutionConfigurationPlatforms) = preSolution
		Debug|Any CPU = Debug|Any CPU
		Debug|iPhone = Debug|iPhone
		Debug|iPhoneSimulator = Debug|iPhoneSimulator
		Release|Any CPU = Release|Any CPU
		Release|iPhone = Release|iPhone
		Release|iPhoneSimulator = Release|iPhoneSimulator
	EndGlobalSection
	GlobalSection(ProjectConfigurationPlatforms) = postSolution
		{B062D622-DAC7-486D-91C1-48A27851B82A}.Debug|Any CPU.ActiveCfg = Debug|Any CPU
		{B062D622-DAC7-486D-91C1-48A27851B82A}.Debug|Any CPU.Build.0 = Debug|Any CPU
		{B062D622-DAC7-486D-91C1-48A27851B82A}.Debug|Any CPU.Deploy.0 = Debug|Any CPU
		{B062D622-DAC7-486D-91C1-48A27851B82A}.Debug|iPhone.ActiveCfg = Debug|Any CPU
		{B062D622-DAC7-486D-91C1-48A27851B82A}.Debug|iPhone.Build.0 = Debug|Any CPU
		{B062D622-DAC7-486D-91C1-48A27851B82A}.Debug|iPhone.Deploy.0 = Debug|Any CPU
		{B062D622-DAC7-486D-91C1-48A27851B82A}.Debug|iPhoneSimulator.ActiveCfg = Debug|Any CPU
		{B062D622-DAC7-486D-91C1-48A27851B82A}.Debug|iPhoneSimulator.Build.0 = Debug|Any CPU
		{B062D622-DAC7-486D-91C1-48A27851B82A}.Debug|iPhoneSimulator.Deploy.0 = Debug|Any CPU
		{B062D622-DAC7-486D-91C1-48A27851B82A}.Release|Any CPU.ActiveCfg = Release|Any CPU
		{B062D622-DAC7-486D-91C1-48A27851B82A}.Release|Any CPU.Build.0 = Release|Any CPU
		{B062D622-DAC7-486D-91C1-48A27851B82A}.Release|Any CPU.Deploy.0 = Release|Any CPU
		{B062D622-DAC7-486D-91C1-48A27851B82A}.Release|iPhone.ActiveCfg = Release|Any CPU
		{B062D622-DAC7-486D-91C1-48A27851B82A}.Release|iPhone.Build.0 = Release|Any CPU
		{B062D622-DAC7-486D-91C1-48A27851B82A}.Release|iPhone.Deploy.0 = Release|Any CPU
		{B062D622-DAC7-486D-91C1-48A27851B82A}.Release|iPhoneSimulator.ActiveCfg = Release|Any CPU
		{B062D622-DAC7-486D-91C1-48A27851B82A}.Release|iPhoneSimulator.Build.0 = Release|Any CPU
		{B062D622-DAC7-486D-91C1-48A27851B82A}.Release|iPhoneSimulator.Deploy.0 = Release|Any CPU
		{169827A9-7139-416B-907E-0973D48E2DA6}.Debug|Any CPU.ActiveCfg = Debug|iPhoneSimulator
		{169827A9-7139-416B-907E-0973D48E2DA6}.Debug|Any CPU.Build.0 = Debug|iPhoneSimulator
		{169827A9-7139-416B-907E-0973D48E2DA6}.Debug|Any CPU.Deploy.0 = Debug|iPhoneSimulator
		{169827A9-7139-416B-907E-0973D48E2DA6}.Debug|iPhone.ActiveCfg = Debug|iPhone
		{169827A9-7139-416B-907E-0973D48E2DA6}.Debug|iPhone.Build.0 = Debug|iPhone
		{169827A9-7139-416B-907E-0973D48E2DA6}.Debug|iPhone.Deploy.0 = Debug|iPhone
		{169827A9-7139-416B-907E-0973D48E2DA6}.Debug|iPhoneSimulator.ActiveCfg = Debug|iPhoneSimulator
		{169827A9-7139-416B-907E-0973D48E2DA6}.Debug|iPhoneSimulator.Build.0 = Debug|iPhoneSimulator
		{169827A9-7139-416B-907E-0973D48E2DA6}.Debug|iPhoneSimulator.Deploy.0 = Debug|iPhoneSimulator
		{169827A9-7139-416B-907E-0973D48E2DA6}.Release|Any CPU.ActiveCfg = Release|iPhone
		{169827A9-7139-416B-907E-0973D48E2DA6}.Release|Any CPU.Build.0 = Release|iPhone
		{169827A9-7139-416B-907E-0973D48E2DA6}.Release|Any CPU.Deploy.0 = Release|iPhone
		{169827A9-7139-416B-907E-0973D48E2DA6}.Release|iPhone.ActiveCfg = Release|iPhone
		{169827A9-7139-416B-907E-0973D48E2DA6}.Release|iPhone.Build.0 = Release|iPhone
		{169827A9-7139-416B-907E-0973D48E2DA6}.Release|iPhone.Deploy.0 = Release|iPhone
		{169827A9-7139-416B-907E-0973D48E2DA6}.Release|iPhoneSimulator.ActiveCfg = Release|iPhoneSimulator
		{169827A9-7139-416B-907E-0973D48E2DA6}.Release|iPhoneSimulator.Build.0 = Release|iPhoneSimulator
		{169827A9-7139-416B-907E-0973D48E2DA6}.Release|iPhoneSimulator.Deploy.0 = Release|iPhoneSimulator
		{A30D44C6-3CEA-4DB3-93A3-3261F2011836}.Debug|Any CPU.ActiveCfg = Debug|Any CPU
		{A30D44C6-3CEA-4DB3-93A3-3261F2011836}.Debug|Any CPU.Build.0 = Debug|Any CPU
		{A30D44C6-3CEA-4DB3-93A3-3261F2011836}.Debug|Any CPU.Deploy.0 = Debug|Any CPU
		{A30D44C6-3CEA-4DB3-93A3-3261F2011836}.Debug|iPhone.ActiveCfg = Debug|Any CPU
		{A30D44C6-3CEA-4DB3-93A3-3261F2011836}.Debug|iPhone.Build.0 = Debug|Any CPU
		{A30D44C6-3CEA-4DB3-93A3-3261F2011836}.Debug|iPhone.Deploy.0 = Debug|Any CPU
		{A30D44C6-3CEA-4DB3-93A3-3261F2011836}.Debug|iPhoneSimulator.ActiveCfg = Debug|Any CPU
		{A30D44C6-3CEA-4DB3-93A3-3261F2011836}.Debug|iPhoneSimulator.Build.0 = Debug|Any CPU
		{A30D44C6-3CEA-4DB3-93A3-3261F2011836}.Debug|iPhoneSimulator.Deploy.0 = Debug|Any CPU
		{A30D44C6-3CEA-4DB3-93A3-3261F2011836}.Release|Any CPU.ActiveCfg = Release|Any CPU
		{A30D44C6-3CEA-4DB3-93A3-3261F2011836}.Release|Any CPU.Build.0 = Release|Any CPU
		{A30D44C6-3CEA-4DB3-93A3-3261F2011836}.Release|Any CPU.Deploy.0 = Release|Any CPU
		{A30D44C6-3CEA-4DB3-93A3-3261F2011836}.Release|iPhone.ActiveCfg = Release|Any CPU
		{A30D44C6-3CEA-4DB3-93A3-3261F2011836}.Release|iPhone.Build.0 = Release|Any CPU
		{A30D44C6-3CEA-4DB3-93A3-3261F2011836}.Release|iPhone.Deploy.0 = Release|Any CPU
		{A30D44C6-3CEA-4DB3-93A3-3261F2011836}.Release|iPhoneSimulator.ActiveCfg = Release|Any CPU
		{A30D44C6-3CEA-4DB3-93A3-3261F2011836}.Release|iPhoneSimulator.Build.0 = Release|Any CPU
		{A30D44C6-3CEA-4DB3-93A3-3261F2011836}.Release|iPhoneSimulator.Deploy.0 = Release|Any CPU
	EndGlobalSection
	GlobalSection(SolutionProperties) = preSolution
		HideSolutionNode = FALSE
	EndGlobalSection
	GlobalSection(ExtensibilityGlobals) = postSolution
		SolutionGuid = {2B8F0016-192D-4E77-A26B-F209968C266A}
	EndGlobalSection
EndGlobal
